lockfileVersion: '9.0'

settings:
  autoInstallPeers: true
  excludeLinksFromLockfile: false

importers:

  .:
    dependencies:
      '@dfinity/agent':
        specifier: 3.2.2
        version: 3.2.2(@dfinity/candid@3.2.2(@dfinity/principal@3.2.2))(@dfinity/principal@3.2.2)(@noble/hashes@1.8.0)
      '@dfinity/auth-client':
        specifier: 3.2.2
        version: 3.2.2(@dfinity/agent@3.2.2(@dfinity/candid@3.2.2(@dfinity/principal@3.2.2))(@dfinity/principal@3.2.2)(@noble/hashes@1.8.0))(@dfinity/identity@3.2.2(@dfinity/agent@3.2.2(@dfinity/candid@3.2.2(@dfinity/principal@3.2.2))(@dfinity/principal@3.2.2)(@noble/hashes@1.8.0))(@dfinity/candid@3.2.2(@dfinity/principal@3.2.2))(@dfinity/principal@3.2.2)(@noble/curves@1.9.7)(@noble/hashes@1.8.0))(@dfinity/principal@3.2.2)
      '@dfinity/candid':
        specifier: 3.2.2
        version: 3.2.2(@dfinity/principal@3.2.2)
      '@dfinity/identity':
        specifier: 3.2.2
        version: 3.2.2(@dfinity/agent@3.2.2(@dfinity/candid@3.2.2(@dfinity/principal@3.2.2))(@dfinity/principal@3.2.2)(@noble/hashes@1.8.0))(@dfinity/candid@3.2.2(@dfinity/principal@3.2.2))(@dfinity/principal@3.2.2)(@noble/curves@1.9.7)(@noble/hashes@1.8.0)
      '@dfinity/principal':
        specifier: 3.2.2
        version: 3.2.2

packages:

  '@dfinity/agent@3.2.2':
    resolution: {integrity: sha512-2kISpJ89OYOKASyUuS3f0Sq3HiEWxK0hfEa43cFk5PKXvuHSY+As8LB5HP1KZzur8HSoeu8qxTeKx/Urk1CZ8A==}
    peerDependencies:
      '@dfinity/candid': 3.2.2
      '@dfinity/principal': 3.2.2
      '@noble/hashes': ^1.8.0

  '@dfinity/auth-client@3.2.2':
    resolution: {integrity: sha512-3qNm8untJK/D4js7bMTS0s3hMlBx8wkIA9MOnhewGFv5OG4PuwE4g3GDgrPpoy3WVGHzUrj3mer3d7w+CJdgcg==}
    peerDependencies:
      '@dfinity/agent': 3.2.2
      '@dfinity/identity': 3.2.2
      '@dfinity/principal': 3.2.2

  '@dfinity/candid@3.2.2':
    resolution: {integrity: sha512-paxpJIjCRBB8YUYJm9GG/nB8qGPvkRqt2Z4vudQtjcKuKnKPohuIbXAJ1UT9TrXRTMdYev1UgbbBbOg/BeE7+A==}
    peerDependencies:
      '@dfinity/principal': 3.2.2

  '@dfinity/cbor@0.2.2':
    resolution: {integrity: sha512-GPJpH73kDEKbUBdUjY80lz7cq9l0vm1h/7ppejPV6O0ZTqCLrYspssYvqjRmK4aNnJ/SKXsP0rg9LYX7zpegaA==}

  '@dfinity/identity@3.2.2':
    resolution: {integrity: sha512-T24qmpM/ZG/B5YRjzTtJhmUhUIySIQCT1cqEU2Pq/QANxryijmfXhLK7NDWnPZfXXze8pTpdAgqTtwbSNipX6g==}
    peerDependencies:
      '@dfinity/agent': 3.2.2
      '@dfinity/candid': 3.2.2
      '@dfinity/principal': 3.2.2
      '@noble/curves': ^1.9.2
      '@noble/hashes': ^1.8.0

  '@dfinity/principal@3.2.2':
    resolution: {integrity: sha512-e5tHOYfpMvUkCOdJn9H+7iJk+eYJ8xpHNKMOCQQTSRMo9BZOU0SBxDBk+4gpKaI42KSd9TbnxEJ/+1/zE2pemA==}

  '@noble/curves@1.9.7':
    resolution: {integrity: sha512-gbKGcRUYIjA3/zCCNaWDciTMFI0dCkvou3TL8Zmy5Nc7sJ47a0jtOeZoTaMxkuqRo9cRhjOdZJXegxYE5FN/xw==}
    engines: {node: ^14.21.3 || >=16}

  '@noble/hashes@1.8.0':
    resolution: {integrity: sha512-jCs9ldd7NwzpgXDIf6P3+NrHh9/sD6CQdxHyjQI+h/6rDNo88ypBxxz45UDuZHz9r3tNz7N/VInSVoVdtXEI4A==}
    engines: {node: ^14.21.3 || >=16}

  idb@7.1.1:
    resolution: {integrity: sha512-gchesWBzyvGHRO9W8tzUWFDycow5gwjvFKfyV9FF32Y7F50yZMp7mP+T2mJIWFx49zicqyC4uefHM17o6xKIVQ==}

snapshots:

  '@dfinity/agent@3.2.2(@dfinity/candid@3.2.2(@dfinity/principal@3.2.2))(@dfinity/principal@3.2.2)(@noble/hashes@1.8.0)':
    dependencies:
      '@dfinity/candid': 3.2.2(@dfinity/principal@3.2.2)
      '@dfinity/cbor': 0.2.2
      '@dfinity/principal': 3.2.2
      '@noble/curves': 1.9.7
      '@noble/hashes': 1.8.0

  '@dfinity/auth-client@3.2.2(@dfinity/agent@3.2.2(@dfinity/candid@3.2.2(@dfinity/principal@3.2.2))(@dfinity/principal@3.2.2)(@noble/hashes@1.8.0))(@dfinity/identity@3.2.2(@dfinity/agent@3.2.2(@dfinity/candid@3.2.2(@dfinity/principal@3.2.2))(@dfinity/principal@3.2.2)(@noble/hashes@1.8.0))(@dfinity/candid@3.2.2(@dfinity/principal@3.2.2))(@dfinity/principal@3.2.2)(@noble/curves@1.9.7)(@noble/hashes@1.8.0))(@dfinity/principal@3.2.2)':
    dependencies:
      '@dfinity/agent': 3.2.2(@dfinity/candid@3.2.2(@dfinity/principal@3.2.2))(@dfinity/principal@3.2.2)(@noble/hashes@1.8.0)
      '@dfinity/identity': 3.2.2(@dfinity/agent@3.2.2(@dfinity/candid@3.2.2(@dfinity/principal@3.2.2))(@dfinity/principal@3.2.2)(@noble/hashes@1.8.0))(@dfinity/candid@3.2.2(@dfinity/principal@3.2.2))(@dfinity/principal@3.2.2)(@noble/curves@1.9.7)(@noble/hashes@1.8.0)
      '@dfinity/principal': 3.2.2
      idb: 7.1.1

  '@dfinity/candid@3.2.2(@dfinity/principal@3.2.2)':
    dependencies:
      '@dfinity/principal': 3.2.2

  '@dfinity/cbor@0.2.2': {}

  '@dfinity/identity@3.2.2(@dfinity/agent@3.2.2(@dfinity/candid@3.2.2(@dfinity/principal@3.2.2))(@dfinity/principal@3.2.2)(@noble/hashes@1.8.0))(@dfinity/candid@3.2.2(@dfinity/principal@3.2.2))(@dfinity/principal@3.2.2)(@noble/curves@1.9.7)(@noble/hashes@1.8.0)':
    dependencies:
      '@dfinity/agent': 3.2.2(@dfinity/candid@3.2.2(@dfinity/principal@3.2.2))(@dfinity/principal@3.2.2)(@noble/hashes@1.8.0)
      '@dfinity/candid': 3.2.2(@dfinity/principal@3.2.2)
      '@dfinity/principal': 3.2.2
      '@noble/curves': 1.9.7
      '@noble/hashes': 1.8.0

  '@dfinity/principal@3.2.2':
    dependencies:
      '@noble/hashes': 1.8.0

  '@noble/curves@1.9.7':
    dependencies:
      '@noble/hashes': 1.8.0

  '@noble/hashes@1.8.0': {}

  idb@7.1.1: {}
